
Microsoft Visual Studio Solution File, Format Version 10.00
# Visual Studio 2008
Project("{E24C65DC-7377-472B-9ABA-BC803B73C61A}") = "CCAB - Pedidos", "..\CCAB - Pedidos", "{902798B2-3D7A-4BEC-83C7-A1140DABFB63}"
	ProjectSection(WebsiteProperties) = preProject
		SccProjectName = ""$/CCAB - SFA", YYDAAAAA"
		SccAuxPath = ""
		SccLocalPath = "."
		SccProvider = "MSSCCI:Microsoft Visual SourceSafe"
		TargetFramework = "3.5"
		Debug.AspNetCompiler.VirtualPath = "/CCAB - Pedidos"
		Debug.AspNetCompiler.PhysicalPath = "..\CCAB - Pedidos\"
		Debug.AspNetCompiler.TargetPath = "PrecompiledWeb\CCAB - Pedidos\"
		Debug.AspNetCompiler.Updateable = "true"
		Debug.AspNetCompiler.ForceOverwrite = "true"
		Debug.AspNetCompiler.FixedNames = "false"
		Debug.AspNetCompiler.Debug = "True"
		Release.AspNetCompiler.VirtualPath = "/CCAB - Pedidos"
		Release.AspNetCompiler.PhysicalPath = "..\CCAB - Pedidos\"
		Release.AspNetCompiler.TargetPath = "PrecompiledWeb\CCAB - Pedidos\"
		Release.AspNetCompiler.Updateable = "true"
		Release.AspNetCompiler.ForceOverwrite = "true"
		Release.AspNetCompiler.FixedNames = "false"
		Release.AspNetCompiler.Debug = "False"
		VWDPort = "3301"
	EndProjectSection
EndProject
Global
	GlobalSection(SourceCodeControl) = preSolution
		SccNumberOfProjects = 1
		SccWebProject0 = true
		SccProjectUniqueName0 = .
		SccProjectName0 = \u0022$/CCAB\u0020-\u0020SFA\u0022,\u0020YYDAAAAA
		SccLocalPath0 = C:\\Users\\jorge.cruz\\Documents\\Visual\u0020Studio\u00202008\\Projects\\CCAB\u0020-\u0020Pedidos
		SccProvider0 = MSSCCI:Microsoft\u0020Visual\u0020SourceSafe
		SccProjectEnlistmentChoice0 = 2
	EndGlobalSection
	GlobalSection(SolutionConfigurationPlatforms) = preSolution
		Debug|Any CPU = Debug|Any CPU
	EndGlobalSection
	GlobalSection(ProjectConfigurationPlatforms) = postSolution
		{902798B2-3D7A-4BEC-83C7-A1140DABFB63}.Debug|Any CPU.ActiveCfg = Debug|Any CPU
		{902798B2-3D7A-4BEC-83C7-A1140DABFB63}.Debug|Any CPU.Build.0 = Debug|Any CPU
	EndGlobalSection
	GlobalSection(SolutionProperties) = preSolution
		HideSolutionNode = FALSE
	EndGlobalSection
EndGlobal
